{
  "name": "project-website",
  "lockfileVersion": 3,
  "requires": true,
  "packages": {
    "": {
      "dependencies": {
        "treeselectjs": "^0.8.6"
      }
    },
    "node_modules/treeselectjs": {
      "version": "0.8.6",
      "resolved": "https://registry.npmjs.org/treeselectjs/-/treeselectjs-0.8.6.tgz",
      "integrity": "sha512-PLYetrKA9vfYTiPTmUUrLK2BGwA7EjPDlw/cQ6gGUKWCm3FVzA3rPN9nzmqyeFOqvj1ujmgYziBu/Xv23/3CyA=="
    }
  }
}
